
Microsoft Visual Studio Solution File, Format Version 12.00
# Visual Studio Version 17
VisualStudioVersion = 17.11.35219.272
MinimumVisualStudioVersion = 10.0.40219.1
Project("{9A19103F-16F7-4668-BE54-9A1E7A4F7556}") = "DotNetCartify", "DotNetCartify\DotNetCartify.csproj", "{94941F4F-708C-4609-BD03-0F648CFAB194}"
EndProject
Project("{FAE04EC0-301F-11D3-BF4B-00C04F79EFBC}") = "Bulky.DataAccess", "Bulky.DataAccess\Bulky.DataAccess.csproj", "{873E7F3B-2FC9-44A5-96F6-0609C97CA1AF}"
EndProject
Project("{FAE04EC0-301F-11D3-BF4B-00C04F79EFBC}") = "Bulky.Models", "Bulky.Models\Bulky.Models.csproj", "{8F80AA2A-56F9-45EB-8E87-CF64C839B3AD}"
EndProject
Project("{FAE04EC0-301F-11D3-BF4B-00C04F79EFBC}") = "Bulky.Utility", "Bulky.Utility\Bulky.Utility.csproj", "{6261903E-61C3-4764-92CA-DB60A1A5B25A}"
EndProject
Global
	GlobalSection(SolutionConfigurationPlatforms) = preSolution
		Debug|Any CPU = Debug|Any CPU
		Release|Any CPU = Release|Any CPU
	EndGlobalSection
	GlobalSection(ProjectConfigurationPlatforms) = postSolution
		{94941F4F-708C-4609-BD03-0F648CFAB194}.Debug|Any CPU.ActiveCfg = Debug|Any CPU
		{94941F4F-708C-4609-BD03-0F648CFAB194}.Debug|Any CPU.Build.0 = Debug|Any CPU
		{94941F4F-708C-4609-BD03-0F648CFAB194}.Release|Any CPU.ActiveCfg = Release|Any CPU
		{94941F4F-708C-4609-BD03-0F648CFAB194}.Release|Any CPU.Build.0 = Release|Any CPU
		{873E7F3B-2FC9-44A5-96F6-0609C97CA1AF}.Debug|Any CPU.ActiveCfg = Debug|Any CPU
		{873E7F3B-2FC9-44A5-96F6-0609C97CA1AF}.Debug|Any CPU.Build.0 = Debug|Any CPU
		{873E7F3B-2FC9-44A5-96F6-0609C97CA1AF}.Release|Any CPU.ActiveCfg = Release|Any CPU
		{873E7F3B-2FC9-44A5-96F6-0609C97CA1AF}.Release|Any CPU.Build.0 = Release|Any CPU
		{8F80AA2A-56F9-45EB-8E87-CF64C839B3AD}.Debug|Any CPU.ActiveCfg = Debug|Any CPU
		{8F80AA2A-56F9-45EB-8E87-CF64C839B3AD}.Debug|Any CPU.Build.0 = Debug|Any CPU
		{8F80AA2A-56F9-45EB-8E87-CF64C839B3AD}.Release|Any CPU.ActiveCfg = Release|Any CPU
		{8F80AA2A-56F9-45EB-8E87-CF64C839B3AD}.Release|Any CPU.Build.0 = Release|Any CPU
		{6261903E-61C3-4764-92CA-DB60A1A5B25A}.Debug|Any CPU.ActiveCfg = Debug|Any CPU
		{6261903E-61C3-4764-92CA-DB60A1A5B25A}.Debug|Any CPU.Build.0 = Debug|Any CPU
		{6261903E-61C3-4764-92CA-DB60A1A5B25A}.Release|Any CPU.ActiveCfg = Release|Any CPU
		{6261903E-61C3-4764-92CA-DB60A1A5B25A}.Release|Any CPU.Build.0 = Release|Any CPU
	EndGlobalSection
	GlobalSection(SolutionProperties) = preSolution
		HideSolutionNode = FALSE
	EndGlobalSection
	GlobalSection(ExtensibilityGlobals) = postSolution
		SolutionGuid = {21EDFE7D-B767-4EAD-AD6F-CD112B6E2B29}
	EndGlobalSection
EndGlobal
